{
  "object": {
    "pins": [
      {
        "package": "arcgis-runtime-ios",
        "repositoryURL": "https://github.com/Esri/arcgis-runtime-ios.git",
        "state": {
          "branch": null,
          "revision": "df0544ed3be700c1345e1d57c69dcb9a709d4036",
          "version": "100.14.1"
        }
      }
    ]
  },
  "version": 1
}
